
Microsoft Visual Studio Solution File, Format Version 12.00
# Visual Studio 2013
VisualStudioVersion = 12.0.21005.1
MinimumVisualStudioVersion = 10.0.40219.1
Project("{FAE04EC0-301F-11D3-BF4B-00C04F79EFBC}") = "CmdSequence", "CmdSequence\CmdSequence.csproj", "{F59D32FF-B810-4F09-8B11-8F0056722CEB}"
EndProject
Project("{FAE04EC0-301F-11D3-BF4B-00C04F79EFBC}") = "AutoCmd", "AutoCmd\AutoCmd.csproj", "{A8D2C137-C913-441E-96AF-DD423E2F41D9}"
EndProject
Global
	GlobalSection(SolutionConfigurationPlatforms) = preSolution
		Debug|Any CPU = Debug|Any CPU
		Release|Any CPU = Release|Any CPU
	EndGlobalSection
	GlobalSection(ProjectConfigurationPlatforms) = postSolution
		{F59D32FF-B810-4F09-8B11-8F0056722CEB}.Debug|Any CPU.ActiveCfg = Debug|Any CPU
		{F59D32FF-B810-4F09-8B11-8F0056722CEB}.Debug|Any CPU.Build.0 = Debug|Any CPU
		{F59D32FF-B810-4F09-8B11-8F0056722CEB}.Release|Any CPU.ActiveCfg = Release|Any CPU
		{F59D32FF-B810-4F09-8B11-8F0056722CEB}.Release|Any CPU.Build.0 = Release|Any CPU
		{A8D2C137-C913-441E-96AF-DD423E2F41D9}.Debug|Any CPU.ActiveCfg = Debug|Any CPU
		{A8D2C137-C913-441E-96AF-DD423E2F41D9}.Debug|Any CPU.Build.0 = Debug|Any CPU
		{A8D2C137-C913-441E-96AF-DD423E2F41D9}.Release|Any CPU.ActiveCfg = Release|Any CPU
		{A8D2C137-C913-441E-96AF-DD423E2F41D9}.Release|Any CPU.Build.0 = Release|Any CPU
	EndGlobalSection
	GlobalSection(SolutionProperties) = preSolution
		HideSolutionNode = FALSE
	EndGlobalSection
EndGlobal
